{
  "name": "amaro",
  "version": "0.0.2",
  "lockfileVersion": 3,
  "requires": true,
  "packages": {
    "": {
      "name": "amaro",
      "version": "0.0.2",
      "license": "Apache-2.0",
      "devDependencies": {
        "@swc/wasm-typescript": "^1.12.1"
      }
    },
    "node_modules/@swc/wasm-typescript": {
      "version": "1.12.1",
      "resolved": "https://registry.npmjs.org/@swc/wasm-typescript/-/wasm-typescript-1.12.1.tgz",
      "integrity": "sha512-TZ9nnMl5hijf4cSoFVoIflFzrU9D2nkd2wpYWl4fzCF+VUwjgpmW1kWD/XAiX/fGjUt0oRLYrQ0wxb12wz2HCg==",
      "dev": true,
      "license": "Apache-2.0"
    }
  }
}
